
Microsoft Visual Studio Solution File, Format Version 12.00
# Visual Studio Version 17
VisualStudioVersion = 17.4.33213.308
MinimumVisualStudioVersion = 10.0.40219.1
Project("{9A19103F-16F7-4668-BE54-9A1E7A4F7556}") = "StartProj", "hw1\StartProj.csproj", "{AE2FA38F-DB39-4E02-BB65-50FB20005420}"
EndProject
Project("{FAE04EC0-301F-11D3-BF4B-00C04F79EFBC}") = "ChatAppLib", "ChatAppLib\ChatAppLib.csproj", "{7C33B4E2-DAFE-4FBF-86CD-4B813A056A1B}"
EndProject
Project("{FAE04EC0-301F-11D3-BF4B-00C04F79EFBC}") = "ChatCommonLib", "ChatCommonLib\ChatCommonLib.csproj", "{EAA35FB8-173B-4D6D-B480-8321D7BCFDF6}"
EndProject
Project("{FAE04EC0-301F-11D3-BF4B-00C04F79EFBC}") = "ChatDbLib", "ChatDbLib\ChatDbLib.csproj", "{4C41855A-E500-479C-8DBB-0186D9725B65}"
EndProject
Global
	GlobalSection(SolutionConfigurationPlatforms) = preSolution
		Debug|Any CPU = Debug|Any CPU
		Release|Any CPU = Release|Any CPU
	EndGlobalSection
	GlobalSection(ProjectConfigurationPlatforms) = postSolution
		{AE2FA38F-DB39-4E02-BB65-50FB20005420}.Debug|Any CPU.ActiveCfg = Debug|Any CPU
		{AE2FA38F-DB39-4E02-BB65-50FB20005420}.Debug|Any CPU.Build.0 = Debug|Any CPU
		{AE2FA38F-DB39-4E02-BB65-50FB20005420}.Release|Any CPU.ActiveCfg = Release|Any CPU
		{AE2FA38F-DB39-4E02-BB65-50FB20005420}.Release|Any CPU.Build.0 = Release|Any CPU
		{7C33B4E2-DAFE-4FBF-86CD-4B813A056A1B}.Debug|Any CPU.ActiveCfg = Debug|Any CPU
		{7C33B4E2-DAFE-4FBF-86CD-4B813A056A1B}.Debug|Any CPU.Build.0 = Debug|Any CPU
		{7C33B4E2-DAFE-4FBF-86CD-4B813A056A1B}.Release|Any CPU.ActiveCfg = Release|Any CPU
		{7C33B4E2-DAFE-4FBF-86CD-4B813A056A1B}.Release|Any CPU.Build.0 = Release|Any CPU
		{EAA35FB8-173B-4D6D-B480-8321D7BCFDF6}.Debug|Any CPU.ActiveCfg = Debug|Any CPU
		{EAA35FB8-173B-4D6D-B480-8321D7BCFDF6}.Debug|Any CPU.Build.0 = Debug|Any CPU
		{EAA35FB8-173B-4D6D-B480-8321D7BCFDF6}.Release|Any CPU.ActiveCfg = Release|Any CPU
		{EAA35FB8-173B-4D6D-B480-8321D7BCFDF6}.Release|Any CPU.Build.0 = Release|Any CPU
		{4C41855A-E500-479C-8DBB-0186D9725B65}.Debug|Any CPU.ActiveCfg = Debug|Any CPU
		{4C41855A-E500-479C-8DBB-0186D9725B65}.Debug|Any CPU.Build.0 = Debug|Any CPU
		{4C41855A-E500-479C-8DBB-0186D9725B65}.Release|Any CPU.ActiveCfg = Release|Any CPU
		{4C41855A-E500-479C-8DBB-0186D9725B65}.Release|Any CPU.Build.0 = Release|Any CPU
	EndGlobalSection
	GlobalSection(SolutionProperties) = preSolution
		HideSolutionNode = FALSE
	EndGlobalSection
	GlobalSection(ExtensibilityGlobals) = postSolution
		SolutionGuid = {1CF64A5F-1B65-478E-B0DA-EE916E8C00A2}
	EndGlobalSection
EndGlobal
